
Microsoft Visual Studio Solution File, Format Version 12.00
# Visual Studio Version 17
VisualStudioVersion = 17.9.34622.214
MinimumVisualStudioVersion = 10.0.40219.1
Project("{9A19103F-16F7-4668-BE54-9A1E7A4F7556}") = "API", "API\API.csproj", "{2C569E2A-1640-4C81-8683-74D5108CD685}"
EndProject
Project("{9A19103F-16F7-4668-BE54-9A1E7A4F7556}") = "Business", "Business\Business.csproj", "{106B2961-8826-4F12-B5AC-64C2516B5F25}"
EndProject
Project("{FAE04EC0-301F-11D3-BF4B-00C04F79EFBC}") = "DAL", "DAL\DAL.csproj", "{925EFA0D-A4D5-450F-9647-CB1675665D54}"
EndProject
Global
	GlobalSection(SolutionConfigurationPlatforms) = preSolution
		Debug|Any CPU = Debug|Any CPU
		Release|Any CPU = Release|Any CPU
	EndGlobalSection
	GlobalSection(ProjectConfigurationPlatforms) = postSolution
		{2C569E2A-1640-4C81-8683-74D5108CD685}.Debug|Any CPU.ActiveCfg = Debug|Any CPU
		{2C569E2A-1640-4C81-8683-74D5108CD685}.Debug|Any CPU.Build.0 = Debug|Any CPU
		{2C569E2A-1640-4C81-8683-74D5108CD685}.Release|Any CPU.ActiveCfg = Release|Any CPU
		{2C569E2A-1640-4C81-8683-74D5108CD685}.Release|Any CPU.Build.0 = Release|Any CPU
		{106B2961-8826-4F12-B5AC-64C2516B5F25}.Debug|Any CPU.ActiveCfg = Debug|Any CPU
		{106B2961-8826-4F12-B5AC-64C2516B5F25}.Debug|Any CPU.Build.0 = Debug|Any CPU
		{106B2961-8826-4F12-B5AC-64C2516B5F25}.Release|Any CPU.ActiveCfg = Release|Any CPU
		{106B2961-8826-4F12-B5AC-64C2516B5F25}.Release|Any CPU.Build.0 = Release|Any CPU
		{925EFA0D-A4D5-450F-9647-CB1675665D54}.Debug|Any CPU.ActiveCfg = Debug|Any CPU
		{925EFA0D-A4D5-450F-9647-CB1675665D54}.Debug|Any CPU.Build.0 = Debug|Any CPU
		{925EFA0D-A4D5-450F-9647-CB1675665D54}.Release|Any CPU.ActiveCfg = Release|Any CPU
		{925EFA0D-A4D5-450F-9647-CB1675665D54}.Release|Any CPU.Build.0 = Release|Any CPU
	EndGlobalSection
	GlobalSection(SolutionProperties) = preSolution
		HideSolutionNode = FALSE
	EndGlobalSection
	GlobalSection(ExtensibilityGlobals) = postSolution
		SolutionGuid = {BAA5585C-E385-4182-80D9-061E7FED0AAF}
	EndGlobalSection
EndGlobal
